
Microsoft Visual Studio Solution File, Format Version 12.00
# Visual Studio Version 17
VisualStudioVersion = 17.0.31919.166
MinimumVisualStudioVersion = 10.0.40219.1
Project("{FAE04EC0-301F-11D3-BF4B-00C04F79EFBC}") = "RevitAPITrainingCreateFurniture", "RevitAPITrainingCreateFurniture.csproj", "{59957151-CF01-486D-B744-88798075A214}"
	ProjectSection(ProjectDependencies) = postProject
		{C7864CF2-8C0C-4EC9-8052-F12F1C4A016C} = {C7864CF2-8C0C-4EC9-8052-F12F1C4A016C}
	EndProjectSection
EndProject
Project("{FAE04EC0-301F-11D3-BF4B-00C04F79EFBC}") = "RevitAPITrainingLibrary", "..\RevitAPITrainingLibrary\RevitAPITrainingLibrary.csproj", "{C7864CF2-8C0C-4EC9-8052-F12F1C4A016C}"
EndProject
Global
	GlobalSection(SolutionConfigurationPlatforms) = preSolution
		Debug|Any CPU = Debug|Any CPU
		Debug|x64 = Debug|x64
		Release|Any CPU = Release|Any CPU
		Release|x64 = Release|x64
	EndGlobalSection
	GlobalSection(ProjectConfigurationPlatforms) = postSolution
		{59957151-CF01-486D-B744-88798075A214}.Debug|Any CPU.ActiveCfg = Debug|Any CPU
		{59957151-CF01-486D-B744-88798075A214}.Debug|Any CPU.Build.0 = Debug|Any CPU
		{59957151-CF01-486D-B744-88798075A214}.Debug|x64.ActiveCfg = Debug|Any CPU
		{59957151-CF01-486D-B744-88798075A214}.Release|Any CPU.ActiveCfg = Release|Any CPU
		{59957151-CF01-486D-B744-88798075A214}.Release|Any CPU.Build.0 = Release|Any CPU
		{59957151-CF01-486D-B744-88798075A214}.Release|x64.ActiveCfg = Release|Any CPU
		{C7864CF2-8C0C-4EC9-8052-F12F1C4A016C}.Debug|Any CPU.ActiveCfg = Debug|Any CPU
		{C7864CF2-8C0C-4EC9-8052-F12F1C4A016C}.Debug|x64.ActiveCfg = Debug|Any CPU
		{C7864CF2-8C0C-4EC9-8052-F12F1C4A016C}.Release|Any CPU.ActiveCfg = Release|Any CPU
		{C7864CF2-8C0C-4EC9-8052-F12F1C4A016C}.Release|Any CPU.Build.0 = Release|Any CPU
		{C7864CF2-8C0C-4EC9-8052-F12F1C4A016C}.Release|x64.ActiveCfg = Release|Any CPU
	EndGlobalSection
	GlobalSection(SolutionProperties) = preSolution
		HideSolutionNode = FALSE
	EndGlobalSection
	GlobalSection(ExtensibilityGlobals) = postSolution
		SolutionGuid = {12F94577-4A68-4150-884E-008BE3FF598A}
	EndGlobalSection
EndGlobal
